
Microsoft Visual Studio Solution File, Format Version 12.00
# Visual Studio Version 17
VisualStudioVersion = 17.4.33205.214
MinimumVisualStudioVersion = 10.0.40219.1
Project("{FAE04EC0-301F-11D3-BF4B-00C04F79EFBC}") = "Proiect BD", "Proiect BD\Proiect BD.csproj", "{F515444A-39CF-49F9-A270-3510975FA16B}"
EndProject
Global
	GlobalSection(SolutionConfigurationPlatforms) = preSolution
		Debug|Any CPU = Debug|Any CPU
		Release|Any CPU = Release|Any CPU
	EndGlobalSection
	GlobalSection(ProjectConfigurationPlatforms) = postSolution
		{F515444A-39CF-49F9-A270-3510975FA16B}.Debug|Any CPU.ActiveCfg = Debug|Any CPU
		{F515444A-39CF-49F9-A270-3510975FA16B}.Debug|Any CPU.Build.0 = Debug|Any CPU
		{F515444A-39CF-49F9-A270-3510975FA16B}.Release|Any CPU.ActiveCfg = Release|Any CPU
		{F515444A-39CF-49F9-A270-3510975FA16B}.Release|Any CPU.Build.0 = Release|Any CPU
	EndGlobalSection
	GlobalSection(SolutionProperties) = preSolution
		HideSolutionNode = FALSE
	EndGlobalSection
	GlobalSection(ExtensibilityGlobals) = postSolution
		SolutionGuid = {FEE3B696-B8A5-4504-BB66-FF49C0D043FB}
	EndGlobalSection
EndGlobal
